
Microsoft Visual Studio Solution File, Format Version 12.00
# Visual Studio Version 17
VisualStudioVersion = 17.5.33516.290
MinimumVisualStudioVersion = 10.0.40219.1
Project("{FAE04EC0-301F-11D3-BF4B-00C04F79EFBC}") = "Ranker", "Ranker.csproj", "{51AE4E3B-A849-49AA-B20D-E10D885F6BE4}"
EndProject
Global
	GlobalSection(SolutionConfigurationPlatforms) = preSolution
		Debug|Any CPU = Debug|Any CPU
		Release|Any CPU = Release|Any CPU
	EndGlobalSection
	GlobalSection(ProjectConfigurationPlatforms) = postSolution
		{51AE4E3B-A849-49AA-B20D-E10D885F6BE4}.Debug|Any CPU.ActiveCfg = Debug|Any CPU
		{51AE4E3B-A849-49AA-B20D-E10D885F6BE4}.Debug|Any CPU.Build.0 = Debug|Any CPU
		{51AE4E3B-A849-49AA-B20D-E10D885F6BE4}.Release|Any CPU.ActiveCfg = Release|Any CPU
		{51AE4E3B-A849-49AA-B20D-E10D885F6BE4}.Release|Any CPU.Build.0 = Release|Any CPU
	EndGlobalSection
	GlobalSection(SolutionProperties) = preSolution
		HideSolutionNode = FALSE
	EndGlobalSection
	GlobalSection(ExtensibilityGlobals) = postSolution
		SolutionGuid = {C5225F71-EE2E-4425-B6DB-3336F39B3131}
	EndGlobalSection
EndGlobal
